// !$*UTF8*$!
{
	archiveVersion = 1;
	classes = {
	};
	objectVersion = 56;
	objects = {

/* Begin PBXBuildFile section */
		2002C55D296D863000A01C88 /* untitledtvprojectApp.swift in Sources */ = {isa = PBXBuildFile; fileRef = 2002C55C296D863000A01C88 /* untitledtvprojectApp.swift */; };
		2002C55F296D863000A01C88 /* ContentView.swift in Sources */ = {isa = PBXBuildFile; fileRef = 2002C55E296D863000A01C88 /* ContentView.swift */; };
		2002C561296D863400A01C88 /* Assets.xcassets in Resources */ = {isa = PBXBuildFile; fileRef = 2002C560296D863400A01C88 /* Assets.xcassets */; };
		2002C564296D863400A01C88 /* Preview Assets.xcassets in Resources */ = {isa = PBXBuildFile; fileRef = 2002C563296D863400A01C88 /* Preview Assets.xcassets */; };
		2002C56E296D863500A01C88 /* untitledtvprojectTests.swift in Sources */ = {isa = PBXBuildFile; fileRef = 2002C56D296D863500A01C88 /* untitledtvprojectTests.swift */; };
		2002C578296D863500A01C88 /* untitledtvprojectUITests.swift in Sources */ = {isa = PBXBuildFile; fileRef = 2002C577296D863500A01C88 /* untitledtvprojectUITests.swift */; };
		2002C57A296D863500A01C88 /* untitledtvprojectUITestsLaunchTests.swift in Sources */ = {isa = PBXBuildFile; fileRef = 2002C579296D863500A01C88 /* untitledtvprojectUITestsLaunchTests.swift */; };
		2002C589296D8E3A00A01C88 /* ShowEntry.swift in Sources */ = {isa = PBXBuildFile; fileRef = 2002C588296D8E3A00A01C88 /* ShowEntry.swift */; };
		2002C58B296D8E5800A01C88 /* ShowEntryView.swift in Sources */ = {isa = PBXBuildFile; fileRef = 2002C58A296D8E5800A01C88 /* ShowEntryView.swift */; };
		2002C58D296D8F5500A01C88 /* ShowList.swift in Sources */ = {isa = PBXBuildFile; fileRef = 2002C58C296D8F5400A01C88 /* ShowList.swift */; };
		2002C60229704F7A00A01C88 /* GoogleService-Info.plist in Resources */ = {isa = PBXBuildFile; fileRef = 2002C60129704F7A00A01C88 /* GoogleService-Info.plist */; };
		2002C6082970530000A01C88 /* FirebaseAuth in Frameworks */ = {isa = PBXBuildFile; productRef = 2002C6072970530000A01C88 /* FirebaseAuth */; };
		2002C60A2970530000A01C88 /* FirebaseFirestore in Frameworks */ = {isa = PBXBuildFile; productRef = 2002C6092970530000A01C88 /* FirebaseFirestore */; };
		2002C60C2970530000A01C88 /* FirebaseFirestoreSwift in Frameworks */ = {isa = PBXBuildFile; productRef = 2002C60B2970530000A01C88 /* FirebaseFirestoreSwift */; };
		2002C6482976ED6100A01C88 /* ApiShows.swift in Sources */ = {isa = PBXBuildFile; fileRef = 2002C6472976ED6100A01C88 /* ApiShows.swift */; };
		20361FE5299CF5610029AAAA /* SplashScreenView.swift in Sources */ = {isa = PBXBuildFile; fileRef = 20361FE4299CF5610029AAAA /* SplashScreenView.swift */; };
		20361FE729A3C0F80029AAAA /* EmptyView.swift in Sources */ = {isa = PBXBuildFile; fileRef = 20361FE629A3C0F80029AAAA /* EmptyView.swift */; };
		207FB563299BBBE000F5935B /* FirebaseStorage in Frameworks */ = {isa = PBXBuildFile; productRef = 207FB562299BBBE000F5935B /* FirebaseStorage */; };
		207FB567299BC35200F5935B /* ImagePicker.swift in Sources */ = {isa = PBXBuildFile; fileRef = 207FB566299BC35200F5935B /* ImagePicker.swift */; };
		207FB569299BCDEE00F5935B /* StorageManager.swift in Sources */ = {isa = PBXBuildFile; fileRef = 207FB568299BCDEE00F5935B /* StorageManager.swift */; };
		20FD49DC2988284700208727 /* ProfileView.swift in Sources */ = {isa = PBXBuildFile; fileRef = 20FD49DB2988284700208727 /* ProfileView.swift */; };
		20FD4A1E2991650200208727 /* ShowEntryMoreView.swift in Sources */ = {isa = PBXBuildFile; fileRef = 20FD4A1D2991650200208727 /* ShowEntryMoreView.swift */; };
/* End PBXBuildFile section */

/* Begin PBXContainerItemProxy section */
		2002C56A296D863500A01C88 /* PBXContainerItemProxy */ = {
			isa = PBXContainerItemProxy;
			containerPortal = 2002C551296D863000A01C88 /* Project object */;
			proxyType = 1;
			remoteGlobalIDString = 2002C558296D863000A01C88;
			remoteInfo = untitledtvproject;
		};
		2002C574296D863500A01C88 /* PBXContainerItemProxy */ = {
			isa = PBXContainerItemProxy;
			containerPortal = 2002C551296D863000A01C88 /* Project object */;
			proxyType = 1;
			remoteGlobalIDString = 2002C558296D863000A01C88;
			remoteInfo = untitledtvproject;
		};
/* End PBXContainerItemProxy section */

/* Begin PBXFileReference section */
		2002C559296D863000A01C88 /* untitledtvproject.app */ = {isa = PBXFileReference; explicitFileType = wrapper.application; includeInIndex = 0; path = untitledtvproject.app; sourceTree = BUILT_PRODUCTS_DIR; };
		2002C55C296D863000A01C88 /* untitledtvprojectApp.swift */ = {isa = PBXFileReference; lastKnownFileType = sourcecode.swift; path = untitledtvprojectApp.swift; sourceTree = "<group>"; };
		2002C55E296D863000A01C88 /* ContentView.swift */ = {isa = PBXFileReference; lastKnownFileType = sourcecode.swift; path = ContentView.swift; sourceTree = "<group>"; };
		2002C560296D863400A01C88 /* Assets.xcassets */ = {isa = PBXFileReference; lastKnownFileType = folder.assetcatalog; path = Assets.xcassets; sourceTree = "<group>"; };
		2002C563296D863400A01C88 /* Preview Assets.xcassets */ = {isa = PBXFileReference; lastKnownFileType = folder.assetcatalog; path = "Preview Assets.xcassets"; sourceTree = "<group>"; };
		2002C569296D863500A01C88 /* untitledtvprojectTests.xctest */ = {isa = PBXFileReference; explicitFileType = wrapper.cfbundle; includeInIndex = 0; path = untitledtvprojectTests.xctest; sourceTree = BUILT_PRODUCTS_DIR; };
		2002C56D296D863500A01C88 /* untitledtvprojectTests.swift */ = {isa = PBXFileReference; lastKnownFileType = sourcecode.swift; path = untitledtvprojectTests.swift; sourceTree = "<group>"; };
		2002C573296D863500A01C88 /* untitledtvprojectUITests.xctest */ = {isa = PBXFileReference; explicitFileType = wrapper.cfbundle; includeInIndex = 0; path = untitledtvprojectUITests.xctest; sourceTree = BUILT_PRODUCTS_DIR; };
		2002C577296D863500A01C88 /* untitledtvprojectUITests.swift */ = {isa = PBXFileReference; lastKnownFileType = sourcecode.swift; path = untitledtvprojectUITests.swift; sourceTree = "<group>"; };
		2002C579296D863500A01C88 /* untitledtvprojectUITestsLaunchTests.swift */ = {isa = PBXFileReference; lastKnownFileType = sourcecode.swift; path = untitledtvprojectUITestsLaunchTests.swift; sourceTree = "<group>"; };
		2002C588296D8E3A00A01C88 /* ShowEntry.swift */ = {isa = PBXFileReference; lastKnownFileType = sourcecode.swift; path = ShowEntry.swift; sourceTree = "<group>"; };
		2002C58A296D8E5800A01C88 /* ShowEntryView.swift */ = {isa = PBXFileReference; lastKnownFileType = sourcecode.swift; path = ShowEntryView.swift; sourceTree = "<group>"; };
		2002C58C296D8F5400A01C88 /* ShowList.swift */ = {isa = PBXFileReference; lastKnownFileType = sourcecode.swift; path = ShowList.swift; sourceTree = "<group>"; };
		2002C60129704F7A00A01C88 /* GoogleService-Info.plist */ = {isa = PBXFileReference; fileEncoding = 4; lastKnownFileType = text.plist.xml; path = "GoogleService-Info.plist"; sourceTree = "<group>"; };
		2002C6472976ED6100A01C88 /* ApiShows.swift */ = {isa = PBXFileReference; lastKnownFileType = sourcecode.swift; path = ApiShows.swift; sourceTree = "<group>"; };
		20361FE4299CF5610029AAAA /* SplashScreenView.swift */ = {isa = PBXFileReference; lastKnownFileType = sourcecode.swift; path = SplashScreenView.swift; sourceTree = "<group>"; };
		20361FE629A3C0F80029AAAA /* EmptyView.swift */ = {isa = PBXFileReference; lastKnownFileType = sourcecode.swift; path = EmptyView.swift; sourceTree = "<group>"; };
		207FB566299BC35200F5935B /* ImagePicker.swift */ = {isa = PBXFileReference; lastKnownFileType = sourcecode.swift; path = ImagePicker.swift; sourceTree = "<group>"; };
		207FB568299BCDEE00F5935B /* StorageManager.swift */ = {isa = PBXFileReference; lastKnownFileType = sourcecode.swift; path = StorageManager.swift; sourceTree = "<group>"; };
		20FD49DB2988284700208727 /* ProfileView.swift */ = {isa = PBXFileReference; lastKnownFileType = sourcecode.swift; path = ProfileView.swift; sourceTree = "<group>"; };
		20FD4A1D2991650200208727 /* ShowEntryMoreView.swift */ = {isa = PBXFileReference; lastKnownFileType = sourcecode.swift; path = ShowEntryMoreView.swift; sourceTree = "<group>"; };
/* End PBXFileReference section */

/* Begin PBXFrameworksBuildPhase section */
		2002C556296D863000A01C88 /* Frameworks */ = {
			isa = PBXFrameworksBuildPhase;
			buildActionMask = 2147483647;
			files = (
				2002C6082970530000A01C88 /* FirebaseAuth in Frameworks */,
				207FB563299BBBE000F5935B /* FirebaseStorage in Frameworks */,
				2002C60A2970530000A01C88 /* FirebaseFirestore in Frameworks */,
				2002C60C2970530000A01C88 /* FirebaseFirestoreSwift in Frameworks */,
			);
			runOnlyForDeploymentPostprocessing = 0;
		};
		2002C566296D863500A01C88 /* Frameworks */ = {
			isa = PBXFrameworksBuildPhase;
			buildActionMask = 2147483647;
			files = (
			);
			runOnlyForDeploymentPostprocessing = 0;
		};
		2002C570296D863500A01C88 /* Frameworks */ = {
			isa = PBXFrameworksBuildPhase;
			buildActionMask = 2147483647;
			files = (
			);
			runOnlyForDeploymentPostprocessing = 0;
		};
/* End PBXFrameworksBuildPhase section */

/* Begin PBXGroup section */
		2002C550296D863000A01C88 = {
			isa = PBXGroup;
			children = (
				2002C55B296D863000A01C88 /* untitledtvproject */,
				2002C56C296D863500A01C88 /* untitledtvprojectTests */,
				2002C576296D863500A01C88 /* untitledtvprojectUITests */,
				2002C55A296D863000A01C88 /* Products */,
				2002C604297050E700A01C88 /* Frameworks */,
			);
			sourceTree = "<group>";
		};
		2002C55A296D863000A01C88 /* Products */ = {
			isa = PBXGroup;
			children = (
				2002C559296D863000A01C88 /* untitledtvproject.app */,
				2002C569296D863500A01C88 /* untitledtvprojectTests.xctest */,
				2002C573296D863500A01C88 /* untitledtvprojectUITests.xctest */,
			);
			name = Products;
			sourceTree = "<group>";
		};
		2002C55B296D863000A01C88 /* untitledtvproject */ = {
			isa = PBXGroup;
			children = (
				2002C55C296D863000A01C88 /* untitledtvprojectApp.swift */,
				2002C55E296D863000A01C88 /* ContentView.swift */,
				2002C560296D863400A01C88 /* Assets.xcassets */,
				2002C562296D863400A01C88 /* Preview Content */,
				2002C588296D8E3A00A01C88 /* ShowEntry.swift */,
				2002C58A296D8E5800A01C88 /* ShowEntryView.swift */,
				2002C58C296D8F5400A01C88 /* ShowList.swift */,
				2002C60129704F7A00A01C88 /* GoogleService-Info.plist */,
				2002C6472976ED6100A01C88 /* ApiShows.swift */,
				20FD49DB2988284700208727 /* ProfileView.swift */,
				20361FE4299CF5610029AAAA /* SplashScreenView.swift */,
				20FD4A1D2991650200208727 /* ShowEntryMoreView.swift */,
				207FB566299BC35200F5935B /* ImagePicker.swift */,
				207FB568299BCDEE00F5935B /* StorageManager.swift */,
				20361FE629A3C0F80029AAAA /* EmptyView.swift */,
			);
			path = untitledtvproject;
			sourceTree = "<group>";
		};
		2002C562296D863400A01C88 /* Preview Content */ = {
			isa = PBXGroup;
			children = (
				2002C563296D863400A01C88 /* Preview Assets.xcassets */,
			);
			path = "Preview Content";
			sourceTree = "<group>";
		};
		2002C56C296D863500A01C88 /* untitledtvprojectTests */ = {
			isa = PBXGroup;
			children = (
				2002C56D296D863500A01C88 /* untitledtvprojectTests.swift */,
			);
			path = untitledtvprojectTests;
			sourceTree = "<group>";
		};
		2002C576296D863500A01C88 /* untitledtvprojectUITests */ = {
			isa = PBXGroup;
			children = (
				2002C577296D863500A01C88 /* untitledtvprojectUITests.swift */,
				2002C579296D863500A01C88 /* untitledtvprojectUITestsLaunchTests.swift */,
			);
			path = untitledtvprojectUITests;
			sourceTree = "<group>";
		};
		2002C604297050E700A01C88 /* Frameworks */ = {
			isa = PBXGroup;
			children = (
			);
			name = Frameworks;
			sourceTree = "<group>";
		};
/* End PBXGroup section */

/* Begin PBXNativeTarget section */
		2002C558296D863000A01C88 /* untitledtvproject */ = {
			isa = PBXNativeTarget;
			buildConfigurationList = 2002C57D296D863500A01C88 /* Build configuration list for PBXNativeTarget "untitledtvproject" */;
			buildPhases = (
				2002C555296D863000A01C88 /* Sources */,
				2002C556296D863000A01C88 /* Frameworks */,
				2002C557296D863000A01C88 /* Resources */,
			);
			buildRules = (
			);
			dependencies = (
			);
			name = untitledtvproject;
			packageProductDependencies = (
				2002C6072970530000A01C88 /* FirebaseAuth */,
				2002C6092970530000A01C88 /* FirebaseFirestore */,
				2002C60B2970530000A01C88 /* FirebaseFirestoreSwift */,
				207FB562299BBBE000F5935B /* FirebaseStorage */,
			);
			productName = untitledtvproject;
			productReference = 2002C559296D863000A01C88 /* untitledtvproject.app */;
			productType = "com.apple.product-type.application";
		};
		2002C568296D863500A01C88 /* untitledtvprojectTests */ = {
			isa = PBXNativeTarget;
			buildConfigurationList = 2002C580296D863500A01C88 /* Build configuration list for PBXNativeTarget "untitledtvprojectTests" */;
			buildPhases = (
				2002C565296D863500A01C88 /* Sources */,
				2002C566296D863500A01C88 /* Frameworks */,
				2002C567296D863500A01C88 /* Resources */,
			);
			buildRules = (
			);
			dependencies = (
				2002C56B296D863500A01C88 /* PBXTargetDependency */,
			);
			name = untitledtvprojectTests;
			productName = untitledtvprojectTests;
			productReference = 2002C569296D863500A01C88 /* untitledtvprojectTests.xctest */;
			productType = "com.apple.product-type.bundle.unit-test";
		};
		2002C572296D863500A01C88 /* untitledtvprojectUITests */ = {
			isa = PBXNativeTarget;
			buildConfigurationList = 2002C583296D863500A01C88 /* Build configuration list for PBXNativeTarget "untitledtvprojectUITests" */;
			buildPhases = (
				2002C56F296D863500A01C88 /* Sources */,
				2002C570296D863500A01C88 /* Frameworks */,
				2002C571296D863500A01C88 /* Resources */,
			);
			buildRules = (
			);
			dependencies = (
				2002C575296D863500A01C88 /* PBXTargetDependency */,
			);
			name = untitledtvprojectUITests;
			productName = untitledtvprojectUITests;
			productReference = 2002C573296D863500A01C88 /* untitledtvprojectUITests.xctest */;
			productType = "com.apple.product-type.bundle.ui-testing";
		};
/* End PBXNativeTarget section */

/* Begin PBXProject section */
		2002C551296D863000A01C88 /* Project object */ = {
			isa = PBXProject;
			attributes = {
				BuildIndependentTargetsInParallel = 1;
				LastSwiftUpdateCheck = 1410;
				LastUpgradeCheck = 1410;
				TargetAttributes = {
					2002C558296D863000A01C88 = {
						CreatedOnToolsVersion = 14.1;
					};
					2002C568296D863500A01C88 = {
						CreatedOnToolsVersion = 14.1;
						TestTargetID = 2002C558296D863000A01C88;
					};
					2002C572296D863500A01C88 = {
						CreatedOnToolsVersion = 14.1;
						TestTargetID = 2002C558296D863000A01C88;
					};
				};
			};
			buildConfigurationList = 2002C554296D863000A01C88 /* Build configuration list for PBXProject "untitledtvproject" */;
			compatibilityVersion = "Xcode 14.0";
			developmentRegion = en;
			hasScannedForEncodings = 0;
			knownRegions = (
				en,
				Base,
			);
			mainGroup = 2002C550296D863000A01C88;
			packageReferences = (
				2002C6062970530000A01C88 /* XCRemoteSwiftPackageReference "firebase-ios-sdk" */,
			);
			productRefGroup = 2002C55A296D863000A01C88 /* Products */;
			projectDirPath = "";
			projectRoot = "";
			targets = (
				2002C558296D863000A01C88 /* untitledtvproject */,
				2002C568296D863500A01C88 /* untitledtvprojectTests */,
				2002C572296D863500A01C88 /* untitledtvprojectUITests */,
			);
		};
/* End PBXProject section */

/* Begin PBXResourcesBuildPhase section */
		2002C557296D863000A01C88 /* Resources */ = {
			isa = PBXResourcesBuildPhase;
			buildActionMask = 2147483647;
			files = (
				2002C564296D863400A01C88 /* Preview Assets.xcassets in Resources */,
				2002C561296D863400A01C88 /* Assets.xcassets in Resources */,
				2002C60229704F7A00A01C88 /* GoogleService-Info.plist in Resources */,
			);
			runOnlyForDeploymentPostprocessing = 0;
		};
		2002C567296D863500A01C88 /* Resources */ = {
			isa = PBXResourcesBuildPhase;
			buildActionMask = 2147483647;
			files = (
			);
			runOnlyForDeploymentPostprocessing = 0;
		};
		2002C571296D863500A01C88 /* Resources */ = {
			isa = PBXResourcesBuildPhase;
			buildActionMask = 2147483647;
			files = (
			);
			runOnlyForDeploymentPostprocessing = 0;
		};
/* End PBXResourcesBuildPhase section */

/* Begin PBXSourcesBuildPhase section */
		2002C555296D863000A01C88 /* Sources */ = {
			isa = PBXSourcesBuildPhase;
			buildActionMask = 2147483647;
			files = (
				20FD49DC2988284700208727 /* ProfileView.swift in Sources */,
				207FB569299BCDEE00F5935B /* StorageManager.swift in Sources */,
				2002C58B296D8E5800A01C88 /* ShowEntryView.swift in Sources */,
				2002C589296D8E3A00A01C88 /* ShowEntry.swift in Sources */,
				20361FE729A3C0F80029AAAA /* EmptyView.swift in Sources */,
				20361FE5299CF5610029AAAA /* SplashScreenView.swift in Sources */,
				2002C55F296D863000A01C88 /* ContentView.swift in Sources */,
				2002C6482976ED6100A01C88 /* ApiShows.swift in Sources */,
				2002C58D296D8F5500A01C88 /* ShowList.swift in Sources */,
				207FB567299BC35200F5935B /* ImagePicker.swift in Sources */,
				2002C55D296D863000A01C88 /* untitledtvprojectApp.swift in Sources */,
				20FD4A1E2991650200208727 /* ShowEntryMoreView.swift in Sources */,
			);
			runOnlyForDeploymentPostprocessing = 0;
		};
		2002C565296D863500A01C88 /* Sources */ = {
			isa = PBXSourcesBuildPhase;
			buildActionMask = 2147483647;
			files = (
				2002C56E296D863500A01C88 /* untitledtvprojectTests.swift in Sources */,
			);
			runOnlyForDeploymentPostprocessing = 0;
		};
		2002C56F296D863500A01C88 /* Sources */ = {
			isa = PBXSourcesBuildPhase;
			buildActionMask = 2147483647;
			files = (
				2002C578296D863500A01C88 /* untitledtvprojectUITests.swift in Sources */,
				2002C57A296D863500A01C88 /* untitledtvprojectUITestsLaunchTests.swift in Sources */,
			);
			runOnlyForDeploymentPostprocessing = 0;
		};
/* End PBXSourcesBuildPhase section */

/* Begin PBXTargetDependency section */
		2002C56B296D863500A01C88 /* PBXTargetDependency */ = {
			isa = PBXTargetDependency;
			target = 2002C558296D863000A01C88 /* untitledtvproject */;
			targetProxy = 2002C56A296D863500A01C88 /* PBXContainerItemProxy */;
		};
		2002C575296D863500A01C88 /* PBXTargetDependency */ = {
			isa = PBXTargetDependency;
			target = 2002C558296D863000A01C88 /* untitledtvproject */;
			targetProxy = 2002C574296D863500A01C88 /* PBXContainerItemProxy */;
		};
/* End PBXTargetDependency section */

/* Begin XCBuildConfiguration section */
		2002C57B296D863500A01C88 /* Debug */ = {
			isa = XCBuildConfiguration;
			buildSettings = {
				ALWAYS_SEARCH_USER_PATHS = NO;
				CLANG_ANALYZER_NONNULL = YES;
				CLANG_ANALYZER_NUMBER_OBJECT_CONVERSION = YES_AGGRESSIVE;
				CLANG_CXX_LANGUAGE_STANDARD = "gnu++20";
				CLANG_ENABLE_MODULES = YES;
				CLANG_ENABLE_OBJC_ARC = YES;
				CLANG_ENABLE_OBJC_WEAK = YES;
				CLANG_WARN_BLOCK_CAPTURE_AUTORELEASING = YES;
				CLANG_WARN_BOOL_CONVERSION = YES;
				CLANG_WARN_COMMA = YES;
				CLANG_WARN_CONSTANT_CONVERSION = YES;
				CLANG_WARN_DEPRECATED_OBJC_IMPLEMENTATIONS = YES;
				CLANG_WARN_DIRECT_OBJC_ISA_USAGE = YES_ERROR;
				CLANG_WARN_DOCUMENTATION_COMMENTS = YES;
				CLANG_WARN_EMPTY_BODY = YES;
				CLANG_WARN_ENUM_CONVERSION = YES;
				CLANG_WARN_INFINITE_RECURSION = YES;
				CLANG_WARN_INT_CONVERSION = YES;
				CLANG_WARN_NON_LITERAL_NULL_CONVERSION = YES;
				CLANG_WARN_OBJC_IMPLICIT_RETAIN_SELF = YES;
				CLANG_WARN_OBJC_LITERAL_CONVERSION = YES;
				CLANG_WARN_OBJC_ROOT_CLASS = YES_ERROR;
				CLANG_WARN_QUOTED_INCLUDE_IN_FRAMEWORK_HEADER = YES;
				CLANG_WARN_RANGE_LOOP_ANALYSIS = YES;
				CLANG_WARN_STRICT_PROTOTYPES = YES;
				CLANG_WARN_SUSPICIOUS_MOVE = YES;
				CLANG_WARN_UNGUARDED_AVAILABILITY = YES_AGGRESSIVE;
				CLANG_WARN_UNREACHABLE_CODE = YES;
				CLANG_WARN__DUPLICATE_METHOD_MATCH = YES;
				COPY_PHASE_STRIP = NO;
				DEBUG_INFORMATION_FORMAT = dwarf;
				ENABLE_STRICT_OBJC_MSGSEND = YES;
				ENABLE_TESTABILITY = YES;
				GCC_C_LANGUAGE_STANDARD = gnu11;
				GCC_DYNAMIC_NO_PIC = NO;
				GCC_NO_COMMON_BLOCKS = YES;
				GCC_OPTIMIZATION_LEVEL = 0;
				GCC_PREPROCESSOR_DEFINITIONS = (
					"DEBUG=1",
					"$(inherited)",
				);
				GCC_WARN_64_TO_32_BIT_CONVERSION = YES;
				GCC_WARN_ABOUT_RETURN_TYPE = YES_ERROR;
				GCC_WARN_UNDECLARED_SELECTOR = YES;
				GCC_WARN_UNINITIALIZED_AUTOS = YES_AGGRESSIVE;
				GCC_WARN_UNUSED_FUNCTION = YES;
				GCC_WARN_UNUSED_VARIABLE = YES;
				IPHONEOS_DEPLOYMENT_TARGET = 16.1;
				MTL_ENABLE_DEBUG_INFO = INCLUDE_SOURCE;
				MTL_FAST_MATH = YES;
				ONLY_ACTIVE_ARCH = YES;
				SDKROOT = iphoneos;
				SWIFT_ACTIVE_COMPILATION_CONDITIONS = DEBUG;
				SWIFT_OPTIMIZATION_LEVEL = "-Onone";
			};
			name = Debug;
		};
		2002C57C296D863500A01C88 /* Release */ = {
			isa = XCBuildConfiguration;
			buildSettings = {
				ALWAYS_SEARCH_USER_PATHS = NO;
				CLANG_ANALYZER_NONNULL = YES;
				CLANG_ANALYZER_NUMBER_OBJECT_CONVERSION = YES_AGGRESSIVE;
				CLANG_CXX_LANGUAGE_STANDARD = "gnu++20";
				CLANG_ENABLE_MODULES = YES;
				CLANG_ENABLE_OBJC_ARC = YES;
				CLANG_ENABLE_OBJC_WEAK = YES;
				CLANG_WARN_BLOCK_CAPTURE_AUTORELEASING = YES;
				CLANG_WARN_BOOL_CONVERSION = YES;
				CLANG_WARN_COMMA = YES;
				CLANG_WARN_CONSTANT_CONVERSION = YES;
				CLANG_WARN_DEPRECATED_OBJC_IMPLEMENTATIONS = YES;
				CLANG_WARN_DIRECT_OBJC_ISA_USAGE = YES_ERROR;
				CLANG_WARN_DOCUMENTATION_COMMENTS = YES;
				CLANG_WARN_EMPTY_BODY = YES;
				CLANG_WARN_ENUM_CONVERSION = YES;
				CLANG_WARN_INFINITE_RECURSION = YES;
				CLANG_WARN_INT_CONVERSION = YES;
				CLANG_WARN_NON_LITERAL_NULL_CONVERSION = YES;
				CLANG_WARN_OBJC_IMPLICIT_RETAIN_SELF = YES;
				CLANG_WARN_OBJC_LITERAL_CONVERSION = YES;
				CLANG_WARN_OBJC_ROOT_CLASS = YES_ERROR;
				CLANG_WARN_QUOTED_INCLUDE_IN_FRAMEWORK_HEADER = YES;
				CLANG_WARN_RANGE_LOOP_ANALYSIS = YES;
				CLANG_WARN_STRICT_PROTOTYPES = YES;
				CLANG_WARN_SUSPICIOUS_MOVE = YES;
				CLANG_WARN_UNGUARDED_AVAILABILITY = YES_AGGRESSIVE;
				CLANG_WARN_UNREACHABLE_CODE = YES;
				CLANG_WARN__DUPLICATE_METHOD_MATCH = YES;
				COPY_PHASE_STRIP = NO;
				DEBUG_INFORMATION_FORMAT = "dwarf-with-dsym";
				ENABLE_NS_ASSERTIONS = NO;
				ENABLE_STRICT_OBJC_MSGSEND = YES;
				GCC_C_LANGUAGE_STANDARD = gnu11;
				GCC_NO_COMMON_BLOCKS = YES;
				GCC_WARN_64_TO_32_BIT_CONVERSION = YES;
				GCC_WARN_ABOUT_RETURN_TYPE = YES_ERROR;
				GCC_WARN_UNDECLARED_SELECTOR = YES;
				GCC_WARN_UNINITIALIZED_AUTOS = YES_AGGRESSIVE;
				GCC_WARN_UNUSED_FUNCTION = YES;
				GCC_WARN_UNUSED_VARIABLE = YES;
				IPHONEOS_DEPLOYMENT_TARGET = 16.1;
				MTL_ENABLE_DEBUG_INFO = NO;
				MTL_FAST_MATH = YES;
				SDKROOT = iphoneos;
				SWIFT_COMPILATION_MODE = wholemodule;
				SWIFT_OPTIMIZATION_LEVEL = "-O";
				VALIDATE_PRODUCT = YES;
			};
			name = Release;
		};
		2002C57E296D863500A01C88 /* Debug */ = {
			isa = XCBuildConfiguration;
			buildSettings = {
				ASSETCATALOG_COMPILER_APPICON_NAME = AppIcon;
				ASSETCATALOG_COMPILER_GLOBAL_ACCENT_COLOR_NAME = AccentColor;
				CODE_SIGN_STYLE = Automatic;
				CURRENT_PROJECT_VERSION = 1;
				DEVELOPMENT_ASSET_PATHS = "\"untitledtvproject/Preview Content\"";
				ENABLE_PREVIEWS = YES;
				GENERATE_INFOPLIST_FILE = YES;
				INFOPLIST_KEY_LSApplicationCategoryType = "";
				INFOPLIST_KEY_NSCameraUsageDescription = "The app needs access to your camera to take photos.";
				INFOPLIST_KEY_UIApplicationSceneManifest_Generation = YES;
				INFOPLIST_KEY_UIApplicationSupportsIndirectInputEvents = YES;
				INFOPLIST_KEY_UILaunchScreen_Generation = YES;
				INFOPLIST_KEY_UISupportedInterfaceOrientations_iPad = "UIInterfaceOrientationPortrait UIInterfaceOrientationPortraitUpsideDown UIInterfaceOrientationLandscapeLeft UIInterfaceOrientationLandscapeRight";
				INFOPLIST_KEY_UISupportedInterfaceOrientations_iPhone = "UIInterfaceOrientationPortrait UIInterfaceOrientationLandscapeLeft UIInterfaceOrientationLandscapeRight";
				LD_RUNPATH_SEARCH_PATHS = (
					"$(inherited)",
					"@executable_path/Frameworks",
				);
				MARKETING_VERSION = 1.0;
				NEW_SETTING = "";
				PRODUCT_BUNDLE_IDENTIFIER = com.example.untitledtvproject;
				PRODUCT_NAME = "$(TARGET_NAME)";
				SWIFT_EMIT_LOC_STRINGS = YES;
				SWIFT_VERSION = 5.0;
				TARGETED_DEVICE_FAMILY = "1,2";
			};
			name = Debug;
		};
		2002C57F296D863500A01C88 /* Release */ = {
			isa = XCBuildConfiguration;
			buildSettings = {
				ASSETCATALOG_COMPILER_APPICON_NAME = AppIcon;
				ASSETCATALOG_COMPILER_GLOBAL_ACCENT_COLOR_NAME = AccentColor;
				CODE_SIGN_STYLE = Automatic;
				CURRENT_PROJECT_VERSION = 1;
				DEVELOPMENT_ASSET_PATHS = "\"untitledtvproject/Preview Content\"";
				ENABLE_PREVIEWS = YES;
				GENERATE_INFOPLIST_FILE = YES;
				INFOPLIST_KEY_LSApplicationCategoryType = "";
				INFOPLIST_KEY_NSCameraUsageDescription = "The app needs access to your camera to take photos.";
				INFOPLIST_KEY_UIApplicationSceneManifest_Generation = YES;
				INFOPLIST_KEY_UIApplicationSupportsIndirectInputEvents = YES;
				INFOPLIST_KEY_UILaunchScreen_Generation = YES;
				INFOPLIST_KEY_UISupportedInterfaceOrientations_iPad = "UIInterfaceOrientationPortrait UIInterfaceOrientationPortraitUpsideDown UIInterfaceOrientationLandscapeLeft UIInterfaceOrientationLandscapeRight";
				INFOPLIST_KEY_UISupportedInterfaceOrientations_iPhone = "UIInterfaceOrientationPortrait UIInterfaceOrientationLandscapeLeft UIInterfaceOrientationLandscapeRight";
				LD_RUNPATH_SEARCH_PATHS = (
					"$(inherited)",
					"@executable_path/Frameworks",
				);
				MARKETING_VERSION = 1.0;
				NEW_SETTING = "";
				PRODUCT_BUNDLE_IDENTIFIER = com.example.untitledtvproject;
				PRODUCT_NAME = "$(TARGET_NAME)";
				SWIFT_EMIT_LOC_STRINGS = YES;
				SWIFT_VERSION = 5.0;
				TARGETED_DEVICE_FAMILY = "1,2";
			};
			name = Release;
		};
		2002C581296D863500A01C88 /* Debug */ = {
			isa = XCBuildConfiguration;
			buildSettings = {
				ALWAYS_EMBED_SWIFT_STANDARD_LIBRARIES = YES;
				BUNDLE_LOADER = "$(TEST_HOST)";
				CODE_SIGN_STYLE = Automatic;
				CURRENT_PROJECT_VERSION = 1;
				GENERATE_INFOPLIST_FILE = YES;
				IPHONEOS_DEPLOYMENT_TARGET = 16.1;
				MARKETING_VERSION = 1.0;
				PRODUCT_BUNDLE_IDENTIFIER = com.example.untitledtvprojectTests;
				PRODUCT_NAME = "$(TARGET_NAME)";
				SWIFT_EMIT_LOC_STRINGS = NO;
				SWIFT_VERSION = 5.0;
				TARGETED_DEVICE_FAMILY = "1,2";
				TEST_HOST = "$(BUILT_PRODUCTS_DIR)/untitledtvproject.app/$(BUNDLE_EXECUTABLE_FOLDER_PATH)/untitledtvproject";
			};
			name = Debug;
		};
		2002C582296D863500A01C88 /* Release */ = {
			isa = XCBuildConfiguration;
			buildSettings = {
				ALWAYS_EMBED_SWIFT_STANDARD_LIBRARIES = YES;
				BUNDLE_LOADER = "$(TEST_HOST)";
				CODE_SIGN_STYLE = Automatic;
				CURRENT_PROJECT_VERSION = 1;
				GENERATE_INFOPLIST_FILE = YES;
				IPHONEOS_DEPLOYMENT_TARGET = 16.1;
				MARKETING_VERSION = 1.0;
				PRODUCT_BUNDLE_IDENTIFIER = com.example.untitledtvprojectTests;
				PRODUCT_NAME = "$(TARGET_NAME)";
				SWIFT_EMIT_LOC_STRINGS = NO;
				SWIFT_VERSION = 5.0;
				TARGETED_DEVICE_FAMILY = "1,2";
				TEST_HOST = "$(BUILT_PRODUCTS_DIR)/untitledtvproject.app/$(BUNDLE_EXECUTABLE_FOLDER_PATH)/untitledtvproject";
			};
			name = Release;
		};
		2002C584296D863500A01C88 /* Debug */ = {
			isa = XCBuildConfiguration;
			buildSettings = {
				ALWAYS_EMBED_SWIFT_STANDARD_LIBRARIES = YES;
				CODE_SIGN_STYLE = Automatic;
				CURRENT_PROJECT_VERSION = 1;
				GENERATE_INFOPLIST_FILE = YES;
				MARKETING_VERSION = 1.0;
				PRODUCT_BUNDLE_IDENTIFIER = com.example.untitledtvprojectUITests;
				PRODUCT_NAME = "$(TARGET_NAME)";
				SWIFT_EMIT_LOC_STRINGS = NO;
				SWIFT_VERSION = 5.0;
				TARGETED_DEVICE_FAMILY = "1,2";
				TEST_TARGET_NAME = untitledtvproject;
			};
			name = Debug;
		};
		2002C585296D863500A01C88 /* Release */ = {
			isa = XCBuildConfiguration;
			buildSettings = {
				ALWAYS_EMBED_SWIFT_STANDARD_LIBRARIES = YES;
				CODE_SIGN_STYLE = Automatic;
				CURRENT_PROJECT_VERSION = 1;
				GENERATE_INFOPLIST_FILE = YES;
				MARKETING_VERSION = 1.0;
				PRODUCT_BUNDLE_IDENTIFIER = com.example.untitledtvprojectUITests;
				PRODUCT_NAME = "$(TARGET_NAME)";
				SWIFT_EMIT_LOC_STRINGS = NO;
				SWIFT_VERSION = 5.0;
				TARGETED_DEVICE_FAMILY = "1,2";
				TEST_TARGET_NAME = untitledtvproject;
			};
			name = Release;
		};
/* End XCBuildConfiguration section */

/* Begin XCConfigurationList section */
		2002C554296D863000A01C88 /* Build configuration list for PBXProject "untitledtvproject" */ = {
			isa = XCConfigurationList;
			buildConfigurations = (
				2002C57B296D863500A01C88 /* Debug */,
				2002C57C296D863500A01C88 /* Release */,
			);
			defaultConfigurationIsVisible = 0;
			defaultConfigurationName = Release;
		};
		2002C57D296D863500A01C88 /* Build configuration list for PBXNativeTarget "untitledtvproject" */ = {
			isa = XCConfigurationList;
			buildConfigurations = (
				2002C57E296D863500A01C88 /* Debug */,
				2002C57F296D863500A01C88 /* Release */,
			);
			defaultConfigurationIsVisible = 0;
			defaultConfigurationName = Release;
		};
		2002C580296D863500A01C88 /* Build configuration list for PBXNativeTarget "untitledtvprojectTests" */ = {
			isa = XCConfigurationList;
			buildConfigurations = (
				2002C581296D863500A01C88 /* Debug */,
				2002C582296D863500A01C88 /* Release */,
			);
			defaultConfigurationIsVisible = 0;
			defaultConfigurationName = Release;
		};
		2002C583296D863500A01C88 /* Build configuration list for PBXNativeTarget "untitledtvprojectUITests" */ = {
			isa = XCConfigurationList;
			buildConfigurations = (
				2002C584296D863500A01C88 /* Debug */,
				2002C585296D863500A01C88 /* Release */,
			);
			defaultConfigurationIsVisible = 0;
			defaultConfigurationName = Release;
		};
/* End XCConfigurationList section */

/* Begin XCRemoteSwiftPackageReference section */
		2002C6062970530000A01C88 /* XCRemoteSwiftPackageReference "firebase-ios-sdk" */ = {
			isa = XCRemoteSwiftPackageReference;
			repositoryURL = "https://github.com/firebase/firebase-ios-sdk";
			requirement = {
				kind = upToNextMajorVersion;
				minimumVersion = 9.0.0;
			};
		};
/* End XCRemoteSwiftPackageReference section */

/* Begin XCSwiftPackageProductDependency section */
		2002C6072970530000A01C88 /* FirebaseAuth */ = {
			isa = XCSwiftPackageProductDependency;
			package = 2002C6062970530000A01C88 /* XCRemoteSwiftPackageReference "firebase-ios-sdk" */;
			productName = FirebaseAuth;
		};
		2002C6092970530000A01C88 /* FirebaseFirestore */ = {
			isa = XCSwiftPackageProductDependency;
			package = 2002C6062970530000A01C88 /* XCRemoteSwiftPackageReference "firebase-ios-sdk" */;
			productName = FirebaseFirestore;
		};
		2002C60B2970530000A01C88 /* FirebaseFirestoreSwift */ = {
			isa = XCSwiftPackageProductDependency;
			package = 2002C6062970530000A01C88 /* XCRemoteSwiftPackageReference "firebase-ios-sdk" */;
			productName = FirebaseFirestoreSwift;
		};
		207FB562299BBBE000F5935B /* FirebaseStorage */ = {
			isa = XCSwiftPackageProductDependency;
			package = 2002C6062970530000A01C88 /* XCRemoteSwiftPackageReference "firebase-ios-sdk" */;
			productName = FirebaseStorage;
		};
/* End XCSwiftPackageProductDependency section */
	};
	rootObject = 2002C551296D863000A01C88 /* Project object */;
}
